// !$*UTF8*$!
{
	archiveVersion = 1;
	classes = {
	};
	objectVersion = 48;
	objects = {

/* Begin PBXBuildFile section */
		43C25CE1BD19E4FBF6AD521B /* Pods_DepartureSwimee2018.framework in Frameworks */ = {isa = PBXBuildFile; fileRef = F7CDC978D128250EEC008300 /* Pods_DepartureSwimee2018.framework */; };
		46071C87205BE530002AB83F /* AppDelegate.swift in Sources */ = {isa = PBXBuildFile; fileRef = 46071C86205BE530002AB83F /* AppDelegate.swift */; };
		46071C89205BE530002AB83F /* AccountBaseViewController.swift in Sources */ = {isa = PBXBuildFile; fileRef = 46071C88205BE530002AB83F /* AccountBaseViewController.swift */; };
		46071C8C205BE530002AB83F /* Main.storyboard in Resources */ = {isa = PBXBuildFile; fileRef = 46071C8A205BE530002AB83F /* Main.storyboard */; };
		46071C8E205BE530002AB83F /* Assets.xcassets in Resources */ = {isa = PBXBuildFile; fileRef = 46071C8D205BE530002AB83F /* Assets.xcassets */; };
		46071C91205BE530002AB83F /* LaunchScreen.storyboard in Resources */ = {isa = PBXBuildFile; fileRef = 46071C8F205BE530002AB83F /* LaunchScreen.storyboard */; };
		46071C9B205C0859002AB83F /* GoogleService-Info.plist in Resources */ = {isa = PBXBuildFile; fileRef = 46071C9A205C0858002AB83F /* GoogleService-Info.plist */; };
		46E28EF4206F2A93007FB30D /* UIView+Extensions.swift in Sources */ = {isa = PBXBuildFile; fileRef = 46E28EE4206F2A92007FB30D /* UIView+Extensions.swift */; };
		46E28EF6206F2A93007FB30D /* UITabBarController+Extensions.swift in Sources */ = {isa = PBXBuildFile; fileRef = 46E28EE6206F2A92007FB30D /* UITabBarController+Extensions.swift */; };
		46E28EF7206F2A93007FB30D /* UIColor+Extensions.swift in Sources */ = {isa = PBXBuildFile; fileRef = 46E28EE7206F2A92007FB30D /* UIColor+Extensions.swift */; };
		46E28EF8206F2A93007FB30D /* UIApplication+Extensions.swift in Sources */ = {isa = PBXBuildFile; fileRef = 46E28EE8206F2A92007FB30D /* UIApplication+Extensions.swift */; };
		46E28EF9206F2A93007FB30D /* UIAlertController+Extensions.swift in Sources */ = {isa = PBXBuildFile; fileRef = 46E28EE9206F2A92007FB30D /* UIAlertController+Extensions.swift */; };
		46E28EFA206F2A93007FB30D /* UINavigationController+Extensions.swift in Sources */ = {isa = PBXBuildFile; fileRef = 46E28EEA206F2A92007FB30D /* UINavigationController+Extensions.swift */; };
		46E28EFB206F2A93007FB30D /* UITableView+Extensions.swift in Sources */ = {isa = PBXBuildFile; fileRef = 46E28EEB206F2A92007FB30D /* UITableView+Extensions.swift */; };
		46E28EFC206F2A93007FB30D /* UserDefaults+Extensions.swift in Sources */ = {isa = PBXBuildFile; fileRef = 46E28EEC206F2A92007FB30D /* UserDefaults+Extensions.swift */; };
		46E28EFD206F2A93007FB30D /* URL+Extensions.swift in Sources */ = {isa = PBXBuildFile; fileRef = 46E28EED206F2A92007FB30D /* URL+Extensions.swift */; };
		46E28EFF206F2A93007FB30D /* UICollectionView+Extensions.swift in Sources */ = {isa = PBXBuildFile; fileRef = 46E28EEF206F2A92007FB30D /* UICollectionView+Extensions.swift */; };
		46E28F00206F2A93007FB30D /* Reusable.swift in Sources */ = {isa = PBXBuildFile; fileRef = 46E28EF1206F2A92007FB30D /* Reusable.swift */; };
		46E28F01206F2A93007FB30D /* NibLoadable.swift in Sources */ = {isa = PBXBuildFile; fileRef = 46E28EF2206F2A92007FB30D /* NibLoadable.swift */; };
		46E28F02206F2A93007FB30D /* StoryboardInstantiable.swift in Sources */ = {isa = PBXBuildFile; fileRef = 46E28EF3206F2A92007FB30D /* StoryboardInstantiable.swift */; };
		46E28F07206F3D7C007FB30D /* LoginViewController.swift in Sources */ = {isa = PBXBuildFile; fileRef = 46E28F06206F3D7C007FB30D /* LoginViewController.swift */; };
		46E28F0A206F4A4E007FB30D /* RegisterViewController.swift in Sources */ = {isa = PBXBuildFile; fileRef = 46E28F09206F4A4E007FB30D /* RegisterViewController.swift */; };
		46E28F0C206F4F84007FB30D /* MainViewController.swift in Sources */ = {isa = PBXBuildFile; fileRef = 46E28F0B206F4F84007FB30D /* MainViewController.swift */; };
		46E28F0E206F5009007FB30D /* PhotoViewController.swift in Sources */ = {isa = PBXBuildFile; fileRef = 46E28F0D206F5009007FB30D /* PhotoViewController.swift */; };
		46E28F10206F5013007FB30D /* SettingViewController.swift in Sources */ = {isa = PBXBuildFile; fileRef = 46E28F0F206F5013007FB30D /* SettingViewController.swift */; };
		46E28F11206F5085007FB30D /* AccountBaseViewController.storyboard in Resources */ = {isa = PBXBuildFile; fileRef = 46E28F08206F4883007FB30D /* AccountBaseViewController.storyboard */; };
		46E28F13206F5953007FB30D /* 03スマートフォントUI.otf in Resources */ = {isa = PBXBuildFile; fileRef = 46E28F12206F5953007FB30D /* 03スマートフォントUI.otf */; };
		46E28F16206F5BB2007FB30D /* MainCollectionViewCell.swift in Sources */ = {isa = PBXBuildFile; fileRef = 46E28F14206F5BB2007FB30D /* MainCollectionViewCell.swift */; };
		46E28F17206F5BB2007FB30D /* MainCollectionViewCell.xib in Resources */ = {isa = PBXBuildFile; fileRef = 46E28F15206F5BB2007FB30D /* MainCollectionViewCell.xib */; };
		46E28F1A206F6064007FB30D /* prof.jpg in Resources */ = {isa = PBXBuildFile; fileRef = 46E28F19206F6064007FB30D /* prof.jpg */; };
		46E28F1D206F645A007FB30D /* PhotoCollectionViewCell.swift in Sources */ = {isa = PBXBuildFile; fileRef = 46E28F1B206F645A007FB30D /* PhotoCollectionViewCell.swift */; };
		46E28F1E206F645A007FB30D /* PhotoCollectionViewCell.xib in Resources */ = {isa = PBXBuildFile; fileRef = 46E28F1C206F645A007FB30D /* PhotoCollectionViewCell.xib */; };
/* End PBXBuildFile section */

/* Begin PBXFileReference section */
		46071C83205BE530002AB83F /* DepartureSwimee2018.app */ = {isa = PBXFileReference; explicitFileType = wrapper.application; includeInIndex = 0; path = DepartureSwimee2018.app; sourceTree = BUILT_PRODUCTS_DIR; };
		46071C86205BE530002AB83F /* AppDelegate.swift */ = {isa = PBXFileReference; lastKnownFileType = sourcecode.swift; path = AppDelegate.swift; sourceTree = "<group>"; };
		46071C88205BE530002AB83F /* AccountBaseViewController.swift */ = {isa = PBXFileReference; lastKnownFileType = sourcecode.swift; path = AccountBaseViewController.swift; sourceTree = "<group>"; };
		46071C8B205BE530002AB83F /* Base */ = {isa = PBXFileReference; lastKnownFileType = file.storyboard; name = Base; path = Base.lproj/Main.storyboard; sourceTree = "<group>"; };
		46071C8D205BE530002AB83F /* Assets.xcassets */ = {isa = PBXFileReference; lastKnownFileType = folder.assetcatalog; path = Assets.xcassets; sourceTree = "<group>"; };
		46071C90205BE530002AB83F /* Base */ = {isa = PBXFileReference; lastKnownFileType = file.storyboard; name = Base; path = Base.lproj/LaunchScreen.storyboard; sourceTree = "<group>"; };
		46071C92205BE530002AB83F /* Info.plist */ = {isa = PBXFileReference; lastKnownFileType = text.plist.xml; path = Info.plist; sourceTree = "<group>"; };
		46071C9A205C0858002AB83F /* GoogleService-Info.plist */ = {isa = PBXFileReference; fileEncoding = 4; lastKnownFileType = text.plist.xml; path = "GoogleService-Info.plist"; sourceTree = "<group>"; };
		46E28EE4206F2A92007FB30D /* UIView+Extensions.swift */ = {isa = PBXFileReference; fileEncoding = 4; lastKnownFileType = sourcecode.swift; path = "UIView+Extensions.swift"; sourceTree = "<group>"; };
		46E28EE6206F2A92007FB30D /* UITabBarController+Extensions.swift */ = {isa = PBXFileReference; fileEncoding = 4; lastKnownFileType = sourcecode.swift; path = "UITabBarController+Extensions.swift"; sourceTree = "<group>"; };
		46E28EE7206F2A92007FB30D /* UIColor+Extensions.swift */ = {isa = PBXFileReference; fileEncoding = 4; lastKnownFileType = sourcecode.swift; path = "UIColor+Extensions.swift"; sourceTree = "<group>"; };
		46E28EE8206F2A92007FB30D /* UIApplication+Extensions.swift */ = {isa = PBXFileReference; fileEncoding = 4; lastKnownFileType = sourcecode.swift; path = "UIApplication+Extensions.swift"; sourceTree = "<group>"; };
		46E28EE9206F2A92007FB30D /* UIAlertController+Extensions.swift */ = {isa = PBXFileReference; fileEncoding = 4; lastKnownFileType = sourcecode.swift; path = "UIAlertController+Extensions.swift"; sourceTree = "<group>"; };
		46E28EEA206F2A92007FB30D /* UINavigationController+Extensions.swift */ = {isa = PBXFileReference; fileEncoding = 4; lastKnownFileType = sourcecode.swift; path = "UINavigationController+Extensions.swift"; sourceTree = "<group>"; };
		46E28EEB206F2A92007FB30D /* UITableView+Extensions.swift */ = {isa = PBXFileReference; fileEncoding = 4; lastKnownFileType = sourcecode.swift; path = "UITableView+Extensions.swift"; sourceTree = "<group>"; };
		46E28EEC206F2A92007FB30D /* UserDefaults+Extensions.swift */ = {isa = PBXFileReference; fileEncoding = 4; lastKnownFileType = sourcecode.swift; path = "UserDefaults+Extensions.swift"; sourceTree = "<group>"; };
		46E28EED206F2A92007FB30D /* URL+Extensions.swift */ = {isa = PBXFileReference; fileEncoding = 4; lastKnownFileType = sourcecode.swift; path = "URL+Extensions.swift"; sourceTree = "<group>"; };
		46E28EEF206F2A92007FB30D /* UICollectionView+Extensions.swift */ = {isa = PBXFileReference; fileEncoding = 4; lastKnownFileType = sourcecode.swift; path = "UICollectionView+Extensions.swift"; sourceTree = "<group>"; };
		46E28EF1206F2A92007FB30D /* Reusable.swift */ = {isa = PBXFileReference; fileEncoding = 4; lastKnownFileType = sourcecode.swift; path = Reusable.swift; sourceTree = "<group>"; };
		46E28EF2206F2A92007FB30D /* NibLoadable.swift */ = {isa = PBXFileReference; fileEncoding = 4; lastKnownFileType = sourcecode.swift; path = NibLoadable.swift; sourceTree = "<group>"; };
		46E28EF3206F2A92007FB30D /* StoryboardInstantiable.swift */ = {isa = PBXFileReference; fileEncoding = 4; lastKnownFileType = sourcecode.swift; path = StoryboardInstantiable.swift; sourceTree = "<group>"; };
		46E28F06206F3D7C007FB30D /* LoginViewController.swift */ = {isa = PBXFileReference; lastKnownFileType = sourcecode.swift; path = LoginViewController.swift; sourceTree = "<group>"; };
		46E28F08206F4883007FB30D /* AccountBaseViewController.storyboard */ = {isa = PBXFileReference; lastKnownFileType = file.storyboard; name = AccountBaseViewController.storyboard; path = /Users/touyou/Projects/iOS/touyou/DepartureSwimee2018/DepartureSwimee2018/Scenes/AccountBaseViewController.storyboard; sourceTree = "<absolute>"; };
		46E28F09206F4A4E007FB30D /* RegisterViewController.swift */ = {isa = PBXFileReference; lastKnownFileType = sourcecode.swift; path = RegisterViewController.swift; sourceTree = "<group>"; };
		46E28F0B206F4F84007FB30D /* MainViewController.swift */ = {isa = PBXFileReference; lastKnownFileType = sourcecode.swift; path = MainViewController.swift; sourceTree = "<group>"; };
		46E28F0D206F5009007FB30D /* PhotoViewController.swift */ = {isa = PBXFileReference; lastKnownFileType = sourcecode.swift; path = PhotoViewController.swift; sourceTree = "<group>"; };
		46E28F0F206F5013007FB30D /* SettingViewController.swift */ = {isa = PBXFileReference; lastKnownFileType = sourcecode.swift; path = SettingViewController.swift; sourceTree = "<group>"; };
		46E28F12206F5953007FB30D /* 03スマートフォントUI.otf */ = {isa = PBXFileReference; lastKnownFileType = file; path = "03スマートフォントUI.otf"; sourceTree = "<group>"; };
		46E28F14206F5BB2007FB30D /* MainCollectionViewCell.swift */ = {isa = PBXFileReference; lastKnownFileType = sourcecode.swift; path = MainCollectionViewCell.swift; sourceTree = "<group>"; };
		46E28F15206F5BB2007FB30D /* MainCollectionViewCell.xib */ = {isa = PBXFileReference; lastKnownFileType = file.xib; path = MainCollectionViewCell.xib; sourceTree = "<group>"; };
		46E28F19206F6064007FB30D /* prof.jpg */ = {isa = PBXFileReference; lastKnownFileType = image.jpeg; path = prof.jpg; sourceTree = "<group>"; };
		46E28F1B206F645A007FB30D /* PhotoCollectionViewCell.swift */ = {isa = PBXFileReference; lastKnownFileType = sourcecode.swift; path = PhotoCollectionViewCell.swift; sourceTree = "<group>"; };
		46E28F1C206F645A007FB30D /* PhotoCollectionViewCell.xib */ = {isa = PBXFileReference; lastKnownFileType = file.xib; path = PhotoCollectionViewCell.xib; sourceTree = "<group>"; };
		50A3EFFF5757963253C97D51 /* Pods-DepartureSwimee2018.release.xcconfig */ = {isa = PBXFileReference; includeInIndex = 1; lastKnownFileType = text.xcconfig; name = "Pods-DepartureSwimee2018.release.xcconfig"; path = "Pods/Target Support Files/Pods-DepartureSwimee2018/Pods-DepartureSwimee2018.release.xcconfig"; sourceTree = "<group>"; };
		DF9246C063FF178C5DB472D3 /* Pods-DepartureSwimee2018.debug.xcconfig */ = {isa = PBXFileReference; includeInIndex = 1; lastKnownFileType = text.xcconfig; name = "Pods-DepartureSwimee2018.debug.xcconfig"; path = "Pods/Target Support Files/Pods-DepartureSwimee2018/Pods-DepartureSwimee2018.debug.xcconfig"; sourceTree = "<group>"; };
		F7CDC978D128250EEC008300 /* Pods_DepartureSwimee2018.framework */ = {isa = PBXFileReference; explicitFileType = wrapper.framework; includeInIndex = 0; path = Pods_DepartureSwimee2018.framework; sourceTree = BUILT_PRODUCTS_DIR; };
/* End PBXFileReference section */

/* Begin PBXFrameworksBuildPhase section */
		46071C80205BE530002AB83F /* Frameworks */ = {
			isa = PBXFrameworksBuildPhase;
			buildActionMask = 2147483647;
			files = (
				43C25CE1BD19E4FBF6AD521B /* Pods_DepartureSwimee2018.framework in Frameworks */,
			);
			runOnlyForDeploymentPostprocessing = 0;
		};
/* End PBXFrameworksBuildPhase section */

/* Begin PBXGroup section */
		164FD64071F3BAF6664654EC /* Pods */ = {
			isa = PBXGroup;
			children = (
				DF9246C063FF178C5DB472D3 /* Pods-DepartureSwimee2018.debug.xcconfig */,
				50A3EFFF5757963253C97D51 /* Pods-DepartureSwimee2018.release.xcconfig */,
			);
			name = Pods;
			sourceTree = "<group>";
		};
		46071C7A205BE52F002AB83F = {
			isa = PBXGroup;
			children = (
				46071C85205BE530002AB83F /* DepartureSwimee2018 */,
				46071C84205BE530002AB83F /* Products */,
				164FD64071F3BAF6664654EC /* Pods */,
				9F743A71EEE89B32804CECEE /* Frameworks */,
			);
			sourceTree = "<group>";
		};
		46071C84205BE530002AB83F /* Products */ = {
			isa = PBXGroup;
			children = (
				46071C83205BE530002AB83F /* DepartureSwimee2018.app */,
			);
			name = Products;
			sourceTree = "<group>";
		};
		46071C85205BE530002AB83F /* DepartureSwimee2018 */ = {
			isa = PBXGroup;
			children = (
				46E28F05206F2D16007FB30D /* Launch */,
				46E28F04206F2CF2007FB30D /* Settings */,
				46E28F03206F2A97007FB30D /* Scenes */,
				46E28EE3206F2A92007FB30D /* Extensions */,
				46E28EF0206F2A92007FB30D /* Protocols */,
				46071C8D205BE530002AB83F /* Assets.xcassets */,
				46E28F19206F6064007FB30D /* prof.jpg */,
				46E28F12206F5953007FB30D /* 03スマートフォントUI.otf */,
			);
			path = DepartureSwimee2018;
			sourceTree = "<group>";
		};
		46E28EE3206F2A92007FB30D /* Extensions */ = {
			isa = PBXGroup;
			children = (
				46E28EE4206F2A92007FB30D /* UIView+Extensions.swift */,
				46E28EE6206F2A92007FB30D /* UITabBarController+Extensions.swift */,
				46E28EE7206F2A92007FB30D /* UIColor+Extensions.swift */,
				46E28EE8206F2A92007FB30D /* UIApplication+Extensions.swift */,
				46E28EE9206F2A92007FB30D /* UIAlertController+Extensions.swift */,
				46E28EEA206F2A92007FB30D /* UINavigationController+Extensions.swift */,
				46E28EEB206F2A92007FB30D /* UITableView+Extensions.swift */,
				46E28EEC206F2A92007FB30D /* UserDefaults+Extensions.swift */,
				46E28EED206F2A92007FB30D /* URL+Extensions.swift */,
				46E28EEF206F2A92007FB30D /* UICollectionView+Extensions.swift */,
			);
			path = Extensions;
			sourceTree = "<group>";
		};
		46E28EF0206F2A92007FB30D /* Protocols */ = {
			isa = PBXGroup;
			children = (
				46E28EF1206F2A92007FB30D /* Reusable.swift */,
				46E28EF2206F2A92007FB30D /* NibLoadable.swift */,
				46E28EF3206F2A92007FB30D /* StoryboardInstantiable.swift */,
			);
			path = Protocols;
			sourceTree = "<group>";
		};
		46E28F03206F2A97007FB30D /* Scenes */ = {
			isa = PBXGroup;
			children = (
				46071C88205BE530002AB83F /* AccountBaseViewController.swift */,
				46E28F08206F4883007FB30D /* AccountBaseViewController.storyboard */,
				46071C8A205BE530002AB83F /* Main.storyboard */,
				46E28F06206F3D7C007FB30D /* LoginViewController.swift */,
				46E28F09206F4A4E007FB30D /* RegisterViewController.swift */,
				46E28F0B206F4F84007FB30D /* MainViewController.swift */,
				46E28F0D206F5009007FB30D /* PhotoViewController.swift */,
				46E28F0F206F5013007FB30D /* SettingViewController.swift */,
				46E28F14206F5BB2007FB30D /* MainCollectionViewCell.swift */,
				46E28F15206F5BB2007FB30D /* MainCollectionViewCell.xib */,
				46E28F1B206F645A007FB30D /* PhotoCollectionViewCell.swift */,
				46E28F1C206F645A007FB30D /* PhotoCollectionViewCell.xib */,
			);
			path = Scenes;
			sourceTree = "<group>";
		};
		46E28F04206F2CF2007FB30D /* Settings */ = {
			isa = PBXGroup;
			children = (
				46071C92205BE530002AB83F /* Info.plist */,
				46071C9A205C0858002AB83F /* GoogleService-Info.plist */,
			);
			path = Settings;
			sourceTree = "<group>";
		};
		46E28F05206F2D16007FB30D /* Launch */ = {
			isa = PBXGroup;
			children = (
				46071C86205BE530002AB83F /* AppDelegate.swift */,
				46071C8F205BE530002AB83F /* LaunchScreen.storyboard */,
			);
			path = Launch;
			sourceTree = "<group>";
		};
		9F743A71EEE89B32804CECEE /* Frameworks */ = {
			isa = PBXGroup;
			children = (
				F7CDC978D128250EEC008300 /* Pods_DepartureSwimee2018.framework */,
			);
			name = Frameworks;
			sourceTree = "<group>";
		};
/* End PBXGroup section */

/* Begin PBXNativeTarget section */
		46071C82205BE530002AB83F /* DepartureSwimee2018 */ = {
			isa = PBXNativeTarget;
			buildConfigurationList = 46071C95205BE530002AB83F /* Build configuration list for PBXNativeTarget "DepartureSwimee2018" */;
			buildPhases = (
				6980DCB9C09D920F9E738877 /* [CP] Check Pods Manifest.lock */,
				46071C7F205BE52F002AB83F /* Sources */,
				46071C80205BE530002AB83F /* Frameworks */,
				46071C81205BE530002AB83F /* Resources */,
				FE9701B1F33C44C291245483 /* [CP] Embed Pods Frameworks */,
				CC58D83303C9F5253902ADD6 /* [CP] Copy Pods Resources */,
			);
			buildRules = (
			);
			dependencies = (
			);
			name = DepartureSwimee2018;
			productName = DepartureSwimee2018;
			productReference = 46071C83205BE530002AB83F /* DepartureSwimee2018.app */;
			productType = "com.apple.product-type.application";
		};
/* End PBXNativeTarget section */

/* Begin PBXProject section */
		46071C7B205BE52F002AB83F /* Project object */ = {
			isa = PBXProject;
			attributes = {
				LastSwiftUpdateCheck = 0920;
				LastUpgradeCheck = 0930;
				ORGANIZATIONNAME = Swimee;
				TargetAttributes = {
					46071C82205BE530002AB83F = {
						CreatedOnToolsVersion = 9.2;
						ProvisioningStyle = Automatic;
					};
				};
			};
			buildConfigurationList = 46071C7E205BE52F002AB83F /* Build configuration list for PBXProject "DepartureSwimee2018" */;
			compatibilityVersion = "Xcode 8.0";
			developmentRegion = en;
			hasScannedForEncodings = 0;
			knownRegions = (
				en,
				Base,
			);
			mainGroup = 46071C7A205BE52F002AB83F;
			productRefGroup = 46071C84205BE530002AB83F /* Products */;
			projectDirPath = "";
			projectRoot = "";
			targets = (
				46071C82205BE530002AB83F /* DepartureSwimee2018 */,
			);
		};
/* End PBXProject section */

/* Begin PBXResourcesBuildPhase section */
		46071C81205BE530002AB83F /* Resources */ = {
			isa = PBXResourcesBuildPhase;
			buildActionMask = 2147483647;
			files = (
				46E28F13206F5953007FB30D /* 03スマートフォントUI.otf in Resources */,
				46E28F11206F5085007FB30D /* AccountBaseViewController.storyboard in Resources */,
				46071C91205BE530002AB83F /* LaunchScreen.storyboard in Resources */,
				46E28F1E206F645A007FB30D /* PhotoCollectionViewCell.xib in Resources */,
				46071C9B205C0859002AB83F /* GoogleService-Info.plist in Resources */,
				46071C8E205BE530002AB83F /* Assets.xcassets in Resources */,
				46E28F17206F5BB2007FB30D /* MainCollectionViewCell.xib in Resources */,
				46071C8C205BE530002AB83F /* Main.storyboard in Resources */,
				46E28F1A206F6064007FB30D /* prof.jpg in Resources */,
			);
			runOnlyForDeploymentPostprocessing = 0;
		};
/* End PBXResourcesBuildPhase section */

/* Begin PBXShellScriptBuildPhase section */
		6980DCB9C09D920F9E738877 /* [CP] Check Pods Manifest.lock */ = {
			isa = PBXShellScriptBuildPhase;
			buildActionMask = 2147483647;
			files = (
			);
			inputPaths = (
				"${PODS_PODFILE_DIR_PATH}/Podfile.lock",
				"${PODS_ROOT}/Manifest.lock",
			);
			name = "[CP] Check Pods Manifest.lock";
			outputPaths = (
				"$(DERIVED_FILE_DIR)/Pods-DepartureSwimee2018-checkManifestLockResult.txt",
			);
			runOnlyForDeploymentPostprocessing = 0;
			shellPath = /bin/sh;
			shellScript = "diff \"${PODS_PODFILE_DIR_PATH}/Podfile.lock\" \"${PODS_ROOT}/Manifest.lock\" > /dev/null\nif [ $? != 0 ] ; then\n    # print error to STDERR\n    echo \"error: The sandbox is not in sync with the Podfile.lock. Run 'pod install' or update your CocoaPods installation.\" >&2\n    exit 1\nfi\n# This output is used by Xcode 'outputs' to avoid re-running this script phase.\necho \"SUCCESS\" > \"${SCRIPT_OUTPUT_FILE_0}\"\n";
			showEnvVarsInLog = 0;
		};
		CC58D83303C9F5253902ADD6 /* [CP] Copy Pods Resources */ = {
			isa = PBXShellScriptBuildPhase;
			buildActionMask = 2147483647;
			files = (
			);
			inputPaths = (
			);
			name = "[CP] Copy Pods Resources";
			outputPaths = (
			);
			runOnlyForDeploymentPostprocessing = 0;
			shellPath = /bin/sh;
			shellScript = "\"${SRCROOT}/Pods/Target Support Files/Pods-DepartureSwimee2018/Pods-DepartureSwimee2018-resources.sh\"\n";
			showEnvVarsInLog = 0;
		};
		FE9701B1F33C44C291245483 /* [CP] Embed Pods Frameworks */ = {
			isa = PBXShellScriptBuildPhase;
			buildActionMask = 2147483647;
			files = (
			);
			inputPaths = (
				"${SRCROOT}/Pods/Target Support Files/Pods-DepartureSwimee2018/Pods-DepartureSwimee2018-frameworks.sh",
				"${BUILT_PRODUCTS_DIR}/GTMSessionFetcher/GTMSessionFetcher.framework",
				"${BUILT_PRODUCTS_DIR}/GoogleToolboxForMac/GoogleToolboxForMac.framework",
				"${BUILT_PRODUCTS_DIR}/nanopb/nanopb.framework",
			);
			name = "[CP] Embed Pods Frameworks";
			outputPaths = (
				"${TARGET_BUILD_DIR}/${FRAMEWORKS_FOLDER_PATH}/GTMSessionFetcher.framework",
				"${TARGET_BUILD_DIR}/${FRAMEWORKS_FOLDER_PATH}/GoogleToolboxForMac.framework",
				"${TARGET_BUILD_DIR}/${FRAMEWORKS_FOLDER_PATH}/nanopb.framework",
			);
			runOnlyForDeploymentPostprocessing = 0;
			shellPath = /bin/sh;
			shellScript = "\"${SRCROOT}/Pods/Target Support Files/Pods-DepartureSwimee2018/Pods-DepartureSwimee2018-frameworks.sh\"\n";
			showEnvVarsInLog = 0;
		};
/* End PBXShellScriptBuildPhase section */

/* Begin PBXSourcesBuildPhase section */
		46071C7F205BE52F002AB83F /* Sources */ = {
			isa = PBXSourcesBuildPhase;
			buildActionMask = 2147483647;
			files = (
				46E28EFF206F2A93007FB30D /* UICollectionView+Extensions.swift in Sources */,
				46E28EF8206F2A93007FB30D /* UIApplication+Extensions.swift in Sources */,
				46E28EFD206F2A93007FB30D /* URL+Extensions.swift in Sources */,
				46E28EF4206F2A93007FB30D /* UIView+Extensions.swift in Sources */,
				46E28EF9206F2A93007FB30D /* UIAlertController+Extensions.swift in Sources */,
				46E28EF7206F2A93007FB30D /* UIColor+Extensions.swift in Sources */,
				46E28EF6206F2A93007FB30D /* UITabBarController+Extensions.swift in Sources */,
				46E28F16206F5BB2007FB30D /* MainCollectionViewCell.swift in Sources */,
				46E28F02206F2A93007FB30D /* StoryboardInstantiable.swift in Sources */,
				46E28F1D206F645A007FB30D /* PhotoCollectionViewCell.swift in Sources */,
				46E28EFB206F2A93007FB30D /* UITableView+Extensions.swift in Sources */,
				46E28F01206F2A93007FB30D /* NibLoadable.swift in Sources */,
				46E28F00206F2A93007FB30D /* Reusable.swift in Sources */,
				46071C89205BE530002AB83F /* AccountBaseViewController.swift in Sources */,
				46E28F07206F3D7C007FB30D /* LoginViewController.swift in Sources */,
				46E28F0A206F4A4E007FB30D /* RegisterViewController.swift in Sources */,
				46E28EFC206F2A93007FB30D /* UserDefaults+Extensions.swift in Sources */,
				46E28F10206F5013007FB30D /* SettingViewController.swift in Sources */,
				46E28F0C206F4F84007FB30D /* MainViewController.swift in Sources */,
				46E28EFA206F2A93007FB30D /* UINavigationController+Extensions.swift in Sources */,
				46E28F0E206F5009007FB30D /* PhotoViewController.swift in Sources */,
				46071C87205BE530002AB83F /* AppDelegate.swift in Sources */,
			);
			runOnlyForDeploymentPostprocessing = 0;
		};
/* End PBXSourcesBuildPhase section */

/* Begin PBXVariantGroup section */
		46071C8A205BE530002AB83F /* Main.storyboard */ = {
			isa = PBXVariantGroup;
			children = (
				46071C8B205BE530002AB83F /* Base */,
			);
			name = Main.storyboard;
			sourceTree = "<group>";
		};
		46071C8F205BE530002AB83F /* LaunchScreen.storyboard */ = {
			isa = PBXVariantGroup;
			children = (
				46071C90205BE530002AB83F /* Base */,
			);
			name = LaunchScreen.storyboard;
			sourceTree = "<group>";
		};
/* End PBXVariantGroup section */

/* Begin XCBuildConfiguration section */
		46071C93205BE530002AB83F /* Debug */ = {
			isa = XCBuildConfiguration;
			buildSettings = {
				ALWAYS_SEARCH_USER_PATHS = NO;
				CLANG_ANALYZER_NONNULL = YES;
				CLANG_ANALYZER_NUMBER_OBJECT_CONVERSION = YES_AGGRESSIVE;
				CLANG_CXX_LANGUAGE_STANDARD = "gnu++14";
				CLANG_CXX_LIBRARY = "libc++";
				CLANG_ENABLE_MODULES = YES;
				CLANG_ENABLE_OBJC_ARC = YES;
				CLANG_WARN_BLOCK_CAPTURE_AUTORELEASING = YES;
				CLANG_WARN_BOOL_CONVERSION = YES;
				CLANG_WARN_COMMA = YES;
				CLANG_WARN_CONSTANT_CONVERSION = YES;
				CLANG_WARN_DEPRECATED_OBJC_IMPLEMENTATIONS = YES;
				CLANG_WARN_DIRECT_OBJC_ISA_USAGE = YES_ERROR;
				CLANG_WARN_DOCUMENTATION_COMMENTS = YES;
				CLANG_WARN_EMPTY_BODY = YES;
				CLANG_WARN_ENUM_CONVERSION = YES;
				CLANG_WARN_INFINITE_RECURSION = YES;
				CLANG_WARN_INT_CONVERSION = YES;
				CLANG_WARN_NON_LITERAL_NULL_CONVERSION = YES;
				CLANG_WARN_OBJC_IMPLICIT_RETAIN_SELF = YES;
				CLANG_WARN_OBJC_LITERAL_CONVERSION = YES;
				CLANG_WARN_OBJC_ROOT_CLASS = YES_ERROR;
				CLANG_WARN_RANGE_LOOP_ANALYSIS = YES;
				CLANG_WARN_STRICT_PROTOTYPES = YES;
				CLANG_WARN_SUSPICIOUS_MOVE = YES;
				CLANG_WARN_UNGUARDED_AVAILABILITY = YES_AGGRESSIVE;
				CLANG_WARN_UNREACHABLE_CODE = YES;
				CLANG_WARN__DUPLICATE_METHOD_MATCH = YES;
				CODE_SIGN_IDENTITY = "iPhone Developer";
				COPY_PHASE_STRIP = NO;
				DEBUG_INFORMATION_FORMAT = dwarf;
				ENABLE_STRICT_OBJC_MSGSEND = YES;
				ENABLE_TESTABILITY = YES;
				GCC_C_LANGUAGE_STANDARD = gnu11;
				GCC_DYNAMIC_NO_PIC = NO;
				GCC_NO_COMMON_BLOCKS = YES;
				GCC_OPTIMIZATION_LEVEL = 0;
				GCC_PREPROCESSOR_DEFINITIONS = (
					"DEBUG=1",
					"$(inherited)",
				);
				GCC_WARN_64_TO_32_BIT_CONVERSION = YES;
				GCC_WARN_ABOUT_RETURN_TYPE = YES_ERROR;
				GCC_WARN_UNDECLARED_SELECTOR = YES;
				GCC_WARN_UNINITIALIZED_AUTOS = YES_AGGRESSIVE;
				GCC_WARN_UNUSED_FUNCTION = YES;
				GCC_WARN_UNUSED_VARIABLE = YES;
				IPHONEOS_DEPLOYMENT_TARGET = 11.2;
				MTL_ENABLE_DEBUG_INFO = YES;
				ONLY_ACTIVE_ARCH = YES;
				SDKROOT = iphoneos;
				SWIFT_ACTIVE_COMPILATION_CONDITIONS = DEBUG;
				SWIFT_OPTIMIZATION_LEVEL = "-Onone";
			};
			name = Debug;
		};
		46071C94205BE530002AB83F /* Release */ = {
			isa = XCBuildConfiguration;
			buildSettings = {
				ALWAYS_SEARCH_USER_PATHS = NO;
				CLANG_ANALYZER_NONNULL = YES;
				CLANG_ANALYZER_NUMBER_OBJECT_CONVERSION = YES_AGGRESSIVE;
				CLANG_CXX_LANGUAGE_STANDARD = "gnu++14";
				CLANG_CXX_LIBRARY = "libc++";
				CLANG_ENABLE_MODULES = YES;
				CLANG_ENABLE_OBJC_ARC = YES;
				CLANG_WARN_BLOCK_CAPTURE_AUTORELEASING = YES;
				CLANG_WARN_BOOL_CONVERSION = YES;
				CLANG_WARN_COMMA = YES;
				CLANG_WARN_CONSTANT_CONVERSION = YES;
				CLANG_WARN_DEPRECATED_OBJC_IMPLEMENTATIONS = YES;
				CLANG_WARN_DIRECT_OBJC_ISA_USAGE = YES_ERROR;
				CLANG_WARN_DOCUMENTATION_COMMENTS = YES;
				CLANG_WARN_EMPTY_BODY = YES;
				CLANG_WARN_ENUM_CONVERSION = YES;
				CLANG_WARN_INFINITE_RECURSION = YES;
				CLANG_WARN_INT_CONVERSION = YES;
				CLANG_WARN_NON_LITERAL_NULL_CONVERSION = YES;
				CLANG_WARN_OBJC_IMPLICIT_RETAIN_SELF = YES;
				CLANG_WARN_OBJC_LITERAL_CONVERSION = YES;
				CLANG_WARN_OBJC_ROOT_CLASS = YES_ERROR;
				CLANG_WARN_RANGE_LOOP_ANALYSIS = YES;
				CLANG_WARN_STRICT_PROTOTYPES = YES;
				CLANG_WARN_SUSPICIOUS_MOVE = YES;
				CLANG_WARN_UNGUARDED_AVAILABILITY = YES_AGGRESSIVE;
				CLANG_WARN_UNREACHABLE_CODE = YES;
				CLANG_WARN__DUPLICATE_METHOD_MATCH = YES;
				CODE_SIGN_IDENTITY = "iPhone Developer";
				COPY_PHASE_STRIP = NO;
				DEBUG_INFORMATION_FORMAT = "dwarf-with-dsym";
				ENABLE_NS_ASSERTIONS = NO;
				ENABLE_STRICT_OBJC_MSGSEND = YES;
				GCC_C_LANGUAGE_STANDARD = gnu11;
				GCC_NO_COMMON_BLOCKS = YES;
				GCC_WARN_64_TO_32_BIT_CONVERSION = YES;
				GCC_WARN_ABOUT_RETURN_TYPE = YES_ERROR;
				GCC_WARN_UNDECLARED_SELECTOR = YES;
				GCC_WARN_UNINITIALIZED_AUTOS = YES_AGGRESSIVE;
				GCC_WARN_UNUSED_FUNCTION = YES;
				GCC_WARN_UNUSED_VARIABLE = YES;
				IPHONEOS_DEPLOYMENT_TARGET = 11.2;
				MTL_ENABLE_DEBUG_INFO = NO;
				SDKROOT = iphoneos;
				SWIFT_OPTIMIZATION_LEVEL = "-Owholemodule";
				VALIDATE_PRODUCT = YES;
			};
			name = Release;
		};
		46071C96205BE530002AB83F /* Debug */ = {
			isa = XCBuildConfiguration;
			baseConfigurationReference = DF9246C063FF178C5DB472D3 /* Pods-DepartureSwimee2018.debug.xcconfig */;
			buildSettings = {
				ASSETCATALOG_COMPILER_APPICON_NAME = AppIcon;
				CODE_SIGN_STYLE = Automatic;
				DEVELOPMENT_TEAM = B4S4333JDW;
				INFOPLIST_FILE = "$(SRCROOT)/DepartureSwimee2018/Settings/Info.plist";
				IPHONEOS_DEPLOYMENT_TARGET = 10.0;
				LD_RUNPATH_SEARCH_PATHS = "$(inherited) @executable_path/Frameworks";
				PRODUCT_BUNDLE_IDENTIFIER = com.swimee.DepartureSwimee2018;
				PRODUCT_NAME = "$(TARGET_NAME)";
				SWIFT_VERSION = 4.0;
				TARGETED_DEVICE_FAMILY = 1;
			};
			name = Debug;
		};
		46071C97205BE530002AB83F /* Release */ = {
			isa = XCBuildConfiguration;
			baseConfigurationReference = 50A3EFFF5757963253C97D51 /* Pods-DepartureSwimee2018.release.xcconfig */;
			buildSettings = {
				ASSETCATALOG_COMPILER_APPICON_NAME = AppIcon;
				CODE_SIGN_STYLE = Automatic;
				DEVELOPMENT_TEAM = B4S4333JDW;
				INFOPLIST_FILE = "$(SRCROOT)/DepartureSwimee2018/Settings/Info.plist";
				IPHONEOS_DEPLOYMENT_TARGET = 10.0;
				LD_RUNPATH_SEARCH_PATHS = "$(inherited) @executable_path/Frameworks";
				PRODUCT_BUNDLE_IDENTIFIER = com.swimee.DepartureSwimee2018;
				PRODUCT_NAME = "$(TARGET_NAME)";
				SWIFT_VERSION = 4.0;
				TARGETED_DEVICE_FAMILY = 1;
			};
			name = Release;
		};
/* End XCBuildConfiguration section */

/* Begin XCConfigurationList section */
		46071C7E205BE52F002AB83F /* Build configuration list for PBXProject "DepartureSwimee2018" */ = {
			isa = XCConfigurationList;
			buildConfigurations = (
				46071C93205BE530002AB83F /* Debug */,
				46071C94205BE530002AB83F /* Release */,
			);
			defaultConfigurationIsVisible = 0;
			defaultConfigurationName = Release;
		};
		46071C95205BE530002AB83F /* Build configuration list for PBXNativeTarget "DepartureSwimee2018" */ = {
			isa = XCConfigurationList;
			buildConfigurations = (
				46071C96205BE530002AB83F /* Debug */,
				46071C97205BE530002AB83F /* Release */,
			);
			defaultConfigurationIsVisible = 0;
			defaultConfigurationName = Release;
		};
/* End XCConfigurationList section */
	};
	rootObject = 46071C7B205BE52F002AB83F /* Project object */;
}
